// !$*UTF8*$!
{
	archiveVersion = 1;
	classes = {
	};
	objectVersion = 46;
	objects = {

/* Begin PBXBuildFile section */
		FF260F751E747F9800A26BA7 /* AppDelegate.swift in Sources */ = {isa = PBXBuildFile; fileRef = FF260F741E747F9800A26BA7 /* AppDelegate.swift */; };
		FF260F771E747F9800A26BA7 /* ViewController.swift in Sources */ = {isa = PBXBuildFile; fileRef = FF260F761E747F9800A26BA7 /* ViewController.swift */; };
		FF260F7A1E747F9800A26BA7 /* Main.storyboard in Resources */ = {isa = PBXBuildFile; fileRef = FF260F781E747F9800A26BA7 /* Main.storyboard */; };
		FF260F7C1E747F9800A26BA7 /* Assets.xcassets in Resources */ = {isa = PBXBuildFile; fileRef = FF260F7B1E747F9800A26BA7 /* Assets.xcassets */; };
		FF260F7F1E747F9800A26BA7 /* LaunchScreen.storyboard in Resources */ = {isa = PBXBuildFile; fileRef = FF260F7D1E747F9800A26BA7 /* LaunchScreen.storyboard */; };
		FF260F8A1E747F9800A26BA7 /* COMP2601A3_100999500Tests.swift in Sources */ = {isa = PBXBuildFile; fileRef = FF260F891E747F9800A26BA7 /* COMP2601A3_100999500Tests.swift */; };
		FF260F951E747F9800A26BA7 /* COMP2601A3_100999500UITests.swift in Sources */ = {isa = PBXBuildFile; fileRef = FF260F941E747F9800A26BA7 /* COMP2601A3_100999500UITests.swift */; };
/* End PBXBuildFile section */

/* Begin PBXContainerItemProxy section */
		FF260F861E747F9800A26BA7 /* PBXContainerItemProxy */ = {
			isa = PBXContainerItemProxy;
			containerPortal = FF260F691E747F9800A26BA7 /* Project object */;
			proxyType = 1;
			remoteGlobalIDString = FF260F701E747F9800A26BA7;
			remoteInfo = "COMP2601A3-100999500";
		};
		FF260F911E747F9800A26BA7 /* PBXContainerItemProxy */ = {
			isa = PBXContainerItemProxy;
			containerPortal = FF260F691E747F9800A26BA7 /* Project object */;
			proxyType = 1;
			remoteGlobalIDString = FF260F701E747F9800A26BA7;
			remoteInfo = "COMP2601A3-100999500";
		};
/* End PBXContainerItemProxy section */

/* Begin PBXFileReference section */
		FF260F711E747F9800A26BA7 /* COMP2601A3-100999500.app */ = {isa = PBXFileReference; explicitFileType = wrapper.application; includeInIndex = 0; path = "COMP2601A3-100999500.app"; sourceTree = BUILT_PRODUCTS_DIR; };
		FF260F741E747F9800A26BA7 /* AppDelegate.swift */ = {isa = PBXFileReference; lastKnownFileType = sourcecode.swift; path = AppDelegate.swift; sourceTree = "<group>"; };
		FF260F761E747F9800A26BA7 /* ViewController.swift */ = {isa = PBXFileReference; lastKnownFileType = sourcecode.swift; path = ViewController.swift; sourceTree = "<group>"; };
		FF260F791E747F9800A26BA7 /* Base */ = {isa = PBXFileReference; lastKnownFileType = file.storyboard; name = Base; path = Base.lproj/Main.storyboard; sourceTree = "<group>"; };
		FF260F7B1E747F9800A26BA7 /* Assets.xcassets */ = {isa = PBXFileReference; lastKnownFileType = folder.assetcatalog; path = Assets.xcassets; sourceTree = "<group>"; };
		FF260F7E1E747F9800A26BA7 /* Base */ = {isa = PBXFileReference; lastKnownFileType = file.storyboard; name = Base; path = Base.lproj/LaunchScreen.storyboard; sourceTree = "<group>"; };
		FF260F801E747F9800A26BA7 /* Info.plist */ = {isa = PBXFileReference; lastKnownFileType = text.plist.xml; path = Info.plist; sourceTree = "<group>"; };
		FF260F851E747F9800A26BA7 /* COMP2601A3-100999500Tests.xctest */ = {isa = PBXFileReference; explicitFileType = wrapper.cfbundle; includeInIndex = 0; path = "COMP2601A3-100999500Tests.xctest"; sourceTree = BUILT_PRODUCTS_DIR; };
		FF260F891E747F9800A26BA7 /* COMP2601A3_100999500Tests.swift */ = {isa = PBXFileReference; lastKnownFileType = sourcecode.swift; path = COMP2601A3_100999500Tests.swift; sourceTree = "<group>"; };
		FF260F8B1E747F9800A26BA7 /* Info.plist */ = {isa = PBXFileReference; lastKnownFileType = text.plist.xml; path = Info.plist; sourceTree = "<group>"; };
		FF260F901E747F9800A26BA7 /* COMP2601A3-100999500UITests.xctest */ = {isa = PBXFileReference; explicitFileType = wrapper.cfbundle; includeInIndex = 0; path = "COMP2601A3-100999500UITests.xctest"; sourceTree = BUILT_PRODUCTS_DIR; };
		FF260F941E747F9800A26BA7 /* COMP2601A3_100999500UITests.swift */ = {isa = PBXFileReference; lastKnownFileType = sourcecode.swift; path = COMP2601A3_100999500UITests.swift; sourceTree = "<group>"; };
		FF260F961E747F9800A26BA7 /* Info.plist */ = {isa = PBXFileReference; lastKnownFileType = text.plist.xml; path = Info.plist; sourceTree = "<group>"; };
/* End PBXFileReference section */

/* Begin PBXFrameworksBuildPhase section */
		FF260F6E1E747F9800A26BA7 /* Frameworks */ = {
			isa = PBXFrameworksBuildPhase;
			buildActionMask = 2147483647;
			files = (
			);
			runOnlyForDeploymentPostprocessing = 0;
		};
		FF260F821E747F9800A26BA7 /* Frameworks */ = {
			isa = PBXFrameworksBuildPhase;
			buildActionMask = 2147483647;
			files = (
			);
			runOnlyForDeploymentPostprocessing = 0;
		};
		FF260F8D1E747F9800A26BA7 /* Frameworks */ = {
			isa = PBXFrameworksBuildPhase;
			buildActionMask = 2147483647;
			files = (
			);
			runOnlyForDeploymentPostprocessing = 0;
		};
/* End PBXFrameworksBuildPhase section */

/* Begin PBXGroup section */
		FF260F681E747F9800A26BA7 = {
			isa = PBXGroup;
			children = (
				FF260F731E747F9800A26BA7 /* COMP2601A3-100999500 */,
				FF260F881E747F9800A26BA7 /* COMP2601A3-100999500Tests */,
				FF260F931E747F9800A26BA7 /* COMP2601A3-100999500UITests */,
				FF260F721E747F9800A26BA7 /* Products */,
			);
			sourceTree = "<group>";
		};
		FF260F721E747F9800A26BA7 /* Products */ = {
			isa = PBXGroup;
			children = (
				FF260F711E747F9800A26BA7 /* COMP2601A3-100999500.app */,
				FF260F851E747F9800A26BA7 /* COMP2601A3-100999500Tests.xctest */,
				FF260F901E747F9800A26BA7 /* COMP2601A3-100999500UITests.xctest */,
			);
			name = Products;
			sourceTree = "<group>";
		};
		FF260F731E747F9800A26BA7 /* COMP2601A3-100999500 */ = {
			isa = PBXGroup;
			children = (
				FF260F741E747F9800A26BA7 /* AppDelegate.swift */,
				FF260F761E747F9800A26BA7 /* ViewController.swift */,
				FF260F781E747F9800A26BA7 /* Main.storyboard */,
				FF260F7B1E747F9800A26BA7 /* Assets.xcassets */,
				FF260F7D1E747F9800A26BA7 /* LaunchScreen.storyboard */,
				FF260F801E747F9800A26BA7 /* Info.plist */,
			);
			path = "COMP2601A3-100999500";
			sourceTree = "<group>";
		};
		FF260F881E747F9800A26BA7 /* COMP2601A3-100999500Tests */ = {
			isa = PBXGroup;
			children = (
				FF260F891E747F9800A26BA7 /* COMP2601A3_100999500Tests.swift */,
				FF260F8B1E747F9800A26BA7 /* Info.plist */,
			);
			path = "COMP2601A3-100999500Tests";
			sourceTree = "<group>";
		};
		FF260F931E747F9800A26BA7 /* COMP2601A3-100999500UITests */ = {
			isa = PBXGroup;
			children = (
				FF260F941E747F9800A26BA7 /* COMP2601A3_100999500UITests.swift */,
				FF260F961E747F9800A26BA7 /* Info.plist */,
			);
			path = "COMP2601A3-100999500UITests";
			sourceTree = "<group>";
		};
/* End PBXGroup section */

/* Begin PBXNativeTarget section */
		FF260F701E747F9800A26BA7 /* COMP2601A3-100999500 */ = {
			isa = PBXNativeTarget;
			buildConfigurationList = FF260F991E747F9800A26BA7 /* Build configuration list for PBXNativeTarget "COMP2601A3-100999500" */;
			buildPhases = (
				FF260F6D1E747F9800A26BA7 /* Sources */,
				FF260F6E1E747F9800A26BA7 /* Frameworks */,
				FF260F6F1E747F9800A26BA7 /* Resources */,
			);
			buildRules = (
			);
			dependencies = (
			);
			name = "COMP2601A3-100999500";
			productName = "COMP2601A3-100999500";
			productReference = FF260F711E747F9800A26BA7 /* COMP2601A3-100999500.app */;
			productType = "com.apple.product-type.application";
		};
		FF260F841E747F9800A26BA7 /* COMP2601A3-100999500Tests */ = {
			isa = PBXNativeTarget;
			buildConfigurationList = FF260F9C1E747F9800A26BA7 /* Build configuration list for PBXNativeTarget "COMP2601A3-100999500Tests" */;
			buildPhases = (
				FF260F811E747F9800A26BA7 /* Sources */,
				FF260F821E747F9800A26BA7 /* Frameworks */,
				FF260F831E747F9800A26BA7 /* Resources */,
			);
			buildRules = (
			);
			dependencies = (
				FF260F871E747F9800A26BA7 /* PBXTargetDependency */,
			);
			name = "COMP2601A3-100999500Tests";
			productName = "COMP2601A3-100999500Tests";
			productReference = FF260F851E747F9800A26BA7 /* COMP2601A3-100999500Tests.xctest */;
			productType = "com.apple.product-type.bundle.unit-test";
		};
		FF260F8F1E747F9800A26BA7 /* COMP2601A3-100999500UITests */ = {
			isa = PBXNativeTarget;
			buildConfigurationList = FF260F9F1E747F9800A26BA7 /* Build configuration list for PBXNativeTarget "COMP2601A3-100999500UITests" */;
			buildPhases = (
				FF260F8C1E747F9800A26BA7 /* Sources */,
				FF260F8D1E747F9800A26BA7 /* Frameworks */,
				FF260F8E1E747F9800A26BA7 /* Resources */,
			);
			buildRules = (
			);
			dependencies = (
				FF260F921E747F9800A26BA7 /* PBXTargetDependency */,
			);
			name = "COMP2601A3-100999500UITests";
			productName = "COMP2601A3-100999500UITests";
			productReference = FF260F901E747F9800A26BA7 /* COMP2601A3-100999500UITests.xctest */;
			productType = "com.apple.product-type.bundle.ui-testing";
		};
/* End PBXNativeTarget section */

/* Begin PBXProject section */
		FF260F691E747F9800A26BA7 /* Project object */ = {
			isa = PBXProject;
			attributes = {
				LastSwiftUpdateCheck = 0830;
				LastUpgradeCheck = 0830;
				ORGANIZATIONNAME = "Avery Vine";
				TargetAttributes = {
					FF260F701E747F9800A26BA7 = {
						CreatedOnToolsVersion = 8.3;
						DevelopmentTeam = 2Z33772VE8;
						ProvisioningStyle = Automatic;
					};
					FF260F841E747F9800A26BA7 = {
						CreatedOnToolsVersion = 8.3;
						DevelopmentTeam = 2Z33772VE8;
						ProvisioningStyle = Automatic;
						TestTargetID = FF260F701E747F9800A26BA7;
					};
					FF260F8F1E747F9800A26BA7 = {
						CreatedOnToolsVersion = 8.3;
						DevelopmentTeam = 2Z33772VE8;
						ProvisioningStyle = Automatic;
						TestTargetID = FF260F701E747F9800A26BA7;
					};
				};
			};
			buildConfigurationList = FF260F6C1E747F9800A26BA7 /* Build configuration list for PBXProject "COMP2601A3-100999500" */;
			compatibilityVersion = "Xcode 3.2";
			developmentRegion = English;
			hasScannedForEncodings = 0;
			knownRegions = (
				en,
				Base,
			);
			mainGroup = FF260F681E747F9800A26BA7;
			productRefGroup = FF260F721E747F9800A26BA7 /* Products */;
			projectDirPath = "";
			projectRoot = "";
			targets = (
				FF260F701E747F9800A26BA7 /* COMP2601A3-100999500 */,
				FF260F841E747F9800A26BA7 /* COMP2601A3-100999500Tests */,
				FF260F8F1E747F9800A26BA7 /* COMP2601A3-100999500UITests */,
			);
		};
/* End PBXProject section */

/* Begin PBXResourcesBuildPhase section */
		FF260F6F1E747F9800A26BA7 /* Resources */ = {
			isa = PBXResourcesBuildPhase;
			buildActionMask = 2147483647;
			files = (
				FF260F7F1E747F9800A26BA7 /* LaunchScreen.storyboard in Resources */,
				FF260F7C1E747F9800A26BA7 /* Assets.xcassets in Resources */,
				FF260F7A1E747F9800A26BA7 /* Main.storyboard in Resources */,
			);
			runOnlyForDeploymentPostprocessing = 0;
		};
		FF260F831E747F9800A26BA7 /* Resources */ = {
			isa = PBXResourcesBuildPhase;
			buildActionMask = 2147483647;
			files = (
			);
			runOnlyForDeploymentPostprocessing = 0;
		};
		FF260F8E1E747F9800A26BA7 /* Resources */ = {
			isa = PBXResourcesBuildPhase;
			buildActionMask = 2147483647;
			files = (
			);
			runOnlyForDeploymentPostprocessing = 0;
		};
/* End PBXResourcesBuildPhase section */

/* Begin PBXSourcesBuildPhase section */
		FF260F6D1E747F9800A26BA7 /* Sources */ = {
			isa = PBXSourcesBuildPhase;
			buildActionMask = 2147483647;
			files = (
				FF260F771E747F9800A26BA7 /* ViewController.swift in Sources */,
				FF260F751E747F9800A26BA7 /* AppDelegate.swift in Sources */,
			);
			runOnlyForDeploymentPostprocessing = 0;
		};
		FF260F811E747F9800A26BA7 /* Sources */ = {
			isa = PBXSourcesBuildPhase;
			buildActionMask = 2147483647;
			files = (
				FF260F8A1E747F9800A26BA7 /* COMP2601A3_100999500Tests.swift in Sources */,
			);
			runOnlyForDeploymentPostprocessing = 0;
		};
		FF260F8C1E747F9800A26BA7 /* Sources */ = {
			isa = PBXSourcesBuildPhase;
			buildActionMask = 2147483647;
			files = (
				FF260F951E747F9800A26BA7 /* COMP2601A3_100999500UITests.swift in Sources */,
			);
			runOnlyForDeploymentPostprocessing = 0;
		};
/* End PBXSourcesBuildPhase section */

/* Begin PBXTargetDependency section */
		FF260F871E747F9800A26BA7 /* PBXTargetDependency */ = {
			isa = PBXTargetDependency;
			target = FF260F701E747F9800A26BA7 /* COMP2601A3-100999500 */;
			targetProxy = FF260F861E747F9800A26BA7 /* PBXContainerItemProxy */;
		};
		FF260F921E747F9800A26BA7 /* PBXTargetDependency */ = {
			isa = PBXTargetDependency;
			target = FF260F701E747F9800A26BA7 /* COMP2601A3-100999500 */;
			targetProxy = FF260F911E747F9800A26BA7 /* PBXContainerItemProxy */;
		};
/* End PBXTargetDependency section */

/* Begin PBXVariantGroup section */
		FF260F781E747F9800A26BA7 /* Main.storyboard */ = {
			isa = PBXVariantGroup;
			children = (
				FF260F791E747F9800A26BA7 /* Base */,
			);
			name = Main.storyboard;
			sourceTree = "<group>";
		};
		FF260F7D1E747F9800A26BA7 /* LaunchScreen.storyboard */ = {
			isa = PBXVariantGroup;
			children = (
				FF260F7E1E747F9800A26BA7 /* Base */,
			);
			name = LaunchScreen.storyboard;
			sourceTree = "<group>";
		};
/* End PBXVariantGroup section */

/* Begin XCBuildConfiguration section */
		FF260F971E747F9800A26BA7 /* Debug */ = {
			isa = XCBuildConfiguration;
			buildSettings = {
				ALWAYS_SEARCH_USER_PATHS = NO;
				CLANG_ANALYZER_NONNULL = YES;
				CLANG_ANALYZER_NUMBER_OBJECT_CONVERSION = YES_AGGRESSIVE;
				CLANG_CXX_LANGUAGE_STANDARD = "gnu++0x";
				CLANG_CXX_LIBRARY = "libc++";
				CLANG_ENABLE_MODULES = YES;
				CLANG_ENABLE_OBJC_ARC = YES;
				CLANG_WARN_BOOL_CONVERSION = YES;
				CLANG_WARN_CONSTANT_CONVERSION = YES;
				CLANG_WARN_DIRECT_OBJC_ISA_USAGE = YES_ERROR;
				CLANG_WARN_DOCUMENTATION_COMMENTS = YES;
				CLANG_WARN_EMPTY_BODY = YES;
				CLANG_WARN_ENUM_CONVERSION = YES;
				CLANG_WARN_INFINITE_RECURSION = YES;
				CLANG_WARN_INT_CONVERSION = YES;
				CLANG_WARN_OBJC_ROOT_CLASS = YES_ERROR;
				CLANG_WARN_SUSPICIOUS_MOVE = YES;
				CLANG_WARN_UNREACHABLE_CODE = YES;
				CLANG_WARN__DUPLICATE_METHOD_MATCH = YES;
				"CODE_SIGN_IDENTITY[sdk=iphoneos*]" = "iPhone Developer";
				COPY_PHASE_STRIP = NO;
				DEBUG_INFORMATION_FORMAT = dwarf;
				ENABLE_STRICT_OBJC_MSGSEND = YES;
				ENABLE_TESTABILITY = YES;
				GCC_C_LANGUAGE_STANDARD = gnu99;
				GCC_DYNAMIC_NO_PIC = NO;
				GCC_NO_COMMON_BLOCKS = YES;
				GCC_OPTIMIZATION_LEVEL = 0;
				GCC_PREPROCESSOR_DEFINITIONS = (
					"DEBUG=1",
					"$(inherited)",
				);
				GCC_WARN_64_TO_32_BIT_CONVERSION = YES;
				GCC_WARN_ABOUT_RETURN_TYPE = YES_ERROR;
				GCC_WARN_UNDECLARED_SELECTOR = YES;
				GCC_WARN_UNINITIALIZED_AUTOS = YES_AGGRESSIVE;
				GCC_WARN_UNUSED_FUNCTION = YES;
				GCC_WARN_UNUSED_VARIABLE = YES;
				IPHONEOS_DEPLOYMENT_TARGET = 10.3;
				MTL_ENABLE_DEBUG_INFO = YES;
				ONLY_ACTIVE_ARCH = YES;
				SDKROOT = iphoneos;
				SWIFT_ACTIVE_COMPILATION_CONDITIONS = DEBUG;
				SWIFT_OPTIMIZATION_LEVEL = "-Onone";
				TARGETED_DEVICE_FAMILY = "1,2";
			};
			name = Debug;
		};
		FF260F981E747F9800A26BA7 /* Release */ = {
			isa = XCBuildConfiguration;
			buildSettings = {
				ALWAYS_SEARCH_USER_PATHS = NO;
				CLANG_ANALYZER_NONNULL = YES;
				CLANG_ANALYZER_NUMBER_OBJECT_CONVERSION = YES_AGGRESSIVE;
				CLANG_CXX_LANGUAGE_STANDARD = "gnu++0x";
				CLANG_CXX_LIBRARY = "libc++";
				CLANG_ENABLE_MODULES = YES;
				CLANG_ENABLE_OBJC_ARC = YES;
				CLANG_WARN_BOOL_CONVERSION = YES;
				CLANG_WARN_CONSTANT_CONVERSION = YES;
				CLANG_WARN_DIRECT_OBJC_ISA_USAGE = YES_ERROR;
				CLANG_WARN_DOCUMENTATION_COMMENTS = YES;
				CLANG_WARN_EMPTY_BODY = YES;
				CLANG_WARN_ENUM_CONVERSION = YES;
				CLANG_WARN_INFINITE_RECURSION = YES;
				CLANG_WARN_INT_CONVERSION = YES;
				CLANG_WARN_OBJC_ROOT_CLASS = YES_ERROR;
				CLANG_WARN_SUSPICIOUS_MOVE = YES;
				CLANG_WARN_UNREACHABLE_CODE = YES;
				CLANG_WARN__DUPLICATE_METHOD_MATCH = YES;
				"CODE_SIGN_IDENTITY[sdk=iphoneos*]" = "iPhone Developer";
				COPY_PHASE_STRIP = NO;
				DEBUG_INFORMATION_FORMAT = "dwarf-with-dsym";
				ENABLE_NS_ASSERTIONS = NO;
				ENABLE_STRICT_OBJC_MSGSEND = YES;
				GCC_C_LANGUAGE_STANDARD = gnu99;
				GCC_NO_COMMON_BLOCKS = YES;
				GCC_WARN_64_TO_32_BIT_CONVERSION = YES;
				GCC_WARN_ABOUT_RETURN_TYPE = YES_ERROR;
				GCC_WARN_UNDECLARED_SELECTOR = YES;
				GCC_WARN_UNINITIALIZED_AUTOS = YES_AGGRESSIVE;
				GCC_WARN_UNUSED_FUNCTION = YES;
				GCC_WARN_UNUSED_VARIABLE = YES;
				IPHONEOS_DEPLOYMENT_TARGET = 10.3;
				MTL_ENABLE_DEBUG_INFO = NO;
				SDKROOT = iphoneos;
				SWIFT_OPTIMIZATION_LEVEL = "-Owholemodule";
				TARGETED_DEVICE_FAMILY = "1,2";
				VALIDATE_PRODUCT = YES;
			};
			name = Release;
		};
		FF260F9A1E747F9800A26BA7 /* Debug */ = {
			isa = XCBuildConfiguration;
			buildSettings = {
				ASSETCATALOG_COMPILER_APPICON_NAME = AppIcon;
				DEVELOPMENT_TEAM = 2Z33772VE8;
				INFOPLIST_FILE = "COMP2601A3-100999500/Info.plist";
				LD_RUNPATH_SEARCH_PATHS = "$(inherited) @executable_path/Frameworks";
				PRODUCT_BUNDLE_IDENTIFIER = "com.averyvine.COMP2601A3-100999500";
				PRODUCT_NAME = "$(TARGET_NAME)";
				SWIFT_VERSION = 3.0;
			};
			name = Debug;
		};
		FF260F9B1E747F9800A26BA7 /* Release */ = {
			isa = XCBuildConfiguration;
			buildSettings = {
				ASSETCATALOG_COMPILER_APPICON_NAME = AppIcon;
				DEVELOPMENT_TEAM = 2Z33772VE8;
				INFOPLIST_FILE = "COMP2601A3-100999500/Info.plist";
				LD_RUNPATH_SEARCH_PATHS = "$(inherited) @executable_path/Frameworks";
				PRODUCT_BUNDLE_IDENTIFIER = "com.averyvine.COMP2601A3-100999500";
				PRODUCT_NAME = "$(TARGET_NAME)";
				SWIFT_VERSION = 3.0;
			};
			name = Release;
		};
		FF260F9D1E747F9800A26BA7 /* Debug */ = {
			isa = XCBuildConfiguration;
			buildSettings = {
				ALWAYS_EMBED_SWIFT_STANDARD_LIBRARIES = YES;
				BUNDLE_LOADER = "$(TEST_HOST)";
				DEVELOPMENT_TEAM = 2Z33772VE8;
				INFOPLIST_FILE = "COMP2601A3-100999500Tests/Info.plist";
				LD_RUNPATH_SEARCH_PATHS = "$(inherited) @executable_path/Frameworks @loader_path/Frameworks";
				PRODUCT_BUNDLE_IDENTIFIER = "com.averyvine.COMP2601A3-100999500Tests";
				PRODUCT_NAME = "$(TARGET_NAME)";
				SWIFT_VERSION = 3.0;
				TEST_HOST = "$(BUILT_PRODUCTS_DIR)/COMP2601A3-100999500.app/COMP2601A3-100999500";
			};
			name = Debug;
		};
		FF260F9E1E747F9800A26BA7 /* Release */ = {
			isa = XCBuildConfiguration;
			buildSettings = {
				ALWAYS_EMBED_SWIFT_STANDARD_LIBRARIES = YES;
				BUNDLE_LOADER = "$(TEST_HOST)";
				DEVELOPMENT_TEAM = 2Z33772VE8;
				INFOPLIST_FILE = "COMP2601A3-100999500Tests/Info.plist";
				LD_RUNPATH_SEARCH_PATHS = "$(inherited) @executable_path/Frameworks @loader_path/Frameworks";
				PRODUCT_BUNDLE_IDENTIFIER = "com.averyvine.COMP2601A3-100999500Tests";
				PRODUCT_NAME = "$(TARGET_NAME)";
				SWIFT_VERSION = 3.0;
				TEST_HOST = "$(BUILT_PRODUCTS_DIR)/COMP2601A3-100999500.app/COMP2601A3-100999500";
			};
			name = Release;
		};
		FF260FA01E747F9800A26BA7 /* Debug */ = {
			isa = XCBuildConfiguration;
			buildSettings = {
				ALWAYS_EMBED_SWIFT_STANDARD_LIBRARIES = YES;
				DEVELOPMENT_TEAM = 2Z33772VE8;
				INFOPLIST_FILE = "COMP2601A3-100999500UITests/Info.plist";
				LD_RUNPATH_SEARCH_PATHS = "$(inherited) @executable_path/Frameworks @loader_path/Frameworks";
				PRODUCT_BUNDLE_IDENTIFIER = "com.averyvine.COMP2601A3-100999500UITests";
				PRODUCT_NAME = "$(TARGET_NAME)";
				SWIFT_VERSION = 3.0;
				TEST_TARGET_NAME = "COMP2601A3-100999500";
			};
			name = Debug;
		};
		FF260FA11E747F9800A26BA7 /* Release */ = {
			isa = XCBuildConfiguration;
			buildSettings = {
				ALWAYS_EMBED_SWIFT_STANDARD_LIBRARIES = YES;
				DEVELOPMENT_TEAM = 2Z33772VE8;
				INFOPLIST_FILE = "COMP2601A3-100999500UITests/Info.plist";
				LD_RUNPATH_SEARCH_PATHS = "$(inherited) @executable_path/Frameworks @loader_path/Frameworks";
				PRODUCT_BUNDLE_IDENTIFIER = "com.averyvine.COMP2601A3-100999500UITests";
				PRODUCT_NAME = "$(TARGET_NAME)";
				SWIFT_VERSION = 3.0;
				TEST_TARGET_NAME = "COMP2601A3-100999500";
			};
			name = Release;
		};
/* End XCBuildConfiguration section */

/* Begin XCConfigurationList section */
		FF260F6C1E747F9800A26BA7 /* Build configuration list for PBXProject "COMP2601A3-100999500" */ = {
			isa = XCConfigurationList;
			buildConfigurations = (
				FF260F971E747F9800A26BA7 /* Debug */,
				FF260F981E747F9800A26BA7 /* Release */,
			);
			defaultConfigurationIsVisible = 0;
			defaultConfigurationName = Release;
		};
		FF260F991E747F9800A26BA7 /* Build configuration list for PBXNativeTarget "COMP2601A3-100999500" */ = {
			isa = XCConfigurationList;
			buildConfigurations = (
				FF260F9A1E747F9800A26BA7 /* Debug */,
				FF260F9B1E747F9800A26BA7 /* Release */,
			);
			defaultConfigurationIsVisible = 0;
		};
		FF260F9C1E747F9800A26BA7 /* Build configuration list for PBXNativeTarget "COMP2601A3-100999500Tests" */ = {
			isa = XCConfigurationList;
			buildConfigurations = (
				FF260F9D1E747F9800A26BA7 /* Debug */,
				FF260F9E1E747F9800A26BA7 /* Release */,
			);
			defaultConfigurationIsVisible = 0;
		};
		FF260F9F1E747F9800A26BA7 /* Build configuration list for PBXNativeTarget "COMP2601A3-100999500UITests" */ = {
			isa = XCConfigurationList;
			buildConfigurations = (
				FF260FA01E747F9800A26BA7 /* Debug */,
				FF260FA11E747F9800A26BA7 /* Release */,
			);
			defaultConfigurationIsVisible = 0;
		};
/* End XCConfigurationList section */
	};
	rootObject = FF260F691E747F9800A26BA7 /* Project object */;
}
